
Microsoft Visual Studio Solution File, Format Version 12.00
# Visual Studio Version 16
VisualStudioVersion = 16.0.32413.511
MinimumVisualStudioVersion = 10.0.40219.1
Project("{8BC9CEB8-8B4A-11D0-8D11-00A0C91BC942}") = "go-dll-test", "go-dll-test.vcxproj", "{0DF5AF2E-0E3B-4758-A3E0-8BFF2A93A130}"
EndProject
Global
	GlobalSection(SolutionConfigurationPlatforms) = preSolution
		Debug|x64 = Debug|x64
		Debug|x86 = Debug|x86
		Release|x64 = Release|x64
		Release|x86 = Release|x86
	EndGlobalSection
	GlobalSection(ProjectConfigurationPlatforms) = postSolution
		{0DF5AF2E-0E3B-4758-A3E0-8BFF2A93A130}.Debug|x64.ActiveCfg = Debug|x64
		{0DF5AF2E-0E3B-4758-A3E0-8BFF2A93A130}.Debug|x64.Build.0 = Debug|x64
		{0DF5AF2E-0E3B-4758-A3E0-8BFF2A93A130}.Debug|x86.ActiveCfg = Debug|Win32
		{0DF5AF2E-0E3B-4758-A3E0-8BFF2A93A130}.Debug|x86.Build.0 = Debug|Win32
		{0DF5AF2E-0E3B-4758-A3E0-8BFF2A93A130}.Release|x64.ActiveCfg = Release|x64
		{0DF5AF2E-0E3B-4758-A3E0-8BFF2A93A130}.Release|x64.Build.0 = Release|x64
		{0DF5AF2E-0E3B-4758-A3E0-8BFF2A93A130}.Release|x86.ActiveCfg = Release|Win32
		{0DF5AF2E-0E3B-4758-A3E0-8BFF2A93A130}.Release|x86.Build.0 = Release|Win32
	EndGlobalSection
	GlobalSection(SolutionProperties) = preSolution
		HideSolutionNode = FALSE
	EndGlobalSection
	GlobalSection(ExtensibilityGlobals) = postSolution
		SolutionGuid = {8233B50F-B381-4065-A178-C52E0DCD2393}
	EndGlobalSection
EndGlobal
